// !$*UTF8*$!
{
	archiveVersion = 1;
	classes = {
	};
	objectVersion = 46;
	objects = {

/* Begin PBXBuildFile section */
		754580F61CEB607D0071F509 /* AppDelegate.swift in Sources */ = {isa = PBXBuildFile; fileRef = 754580F51CEB607D0071F509 /* AppDelegate.swift */; };
		754580F81CEB607D0071F509 /* ViewController.swift in Sources */ = {isa = PBXBuildFile; fileRef = 754580F71CEB607D0071F509 /* ViewController.swift */; };
		754580FB1CEB607D0071F509 /* Main.storyboard in Resources */ = {isa = PBXBuildFile; fileRef = 754580F91CEB607D0071F509 /* Main.storyboard */; };
		754580FD1CEB607D0071F509 /* Assets.xcassets in Resources */ = {isa = PBXBuildFile; fileRef = 754580FC1CEB607D0071F509 /* Assets.xcassets */; };
		754581001CEB607D0071F509 /* LaunchScreen.storyboard in Resources */ = {isa = PBXBuildFile; fileRef = 754580FE1CEB607D0071F509 /* LaunchScreen.storyboard */; };
/* End PBXBuildFile section */

/* Begin PBXFileReference section */
		754580F21CEB607D0071F509 /* Local Notif.app */ = {isa = PBXFileReference; explicitFileType = wrapper.application; includeInIndex = 0; path = "Local Notif.app"; sourceTree = BUILT_PRODUCTS_DIR; };
		754580F51CEB607D0071F509 /* AppDelegate.swift */ = {isa = PBXFileReference; lastKnownFileType = sourcecode.swift; path = AppDelegate.swift; sourceTree = "<group>"; };
		754580F71CEB607D0071F509 /* ViewController.swift */ = {isa = PBXFileReference; lastKnownFileType = sourcecode.swift; path = ViewController.swift; sourceTree = "<group>"; };
		754580FA1CEB607D0071F509 /* Base */ = {isa = PBXFileReference; lastKnownFileType = file.storyboard; name = Base; path = Base.lproj/Main.storyboard; sourceTree = "<group>"; };
		754580FC1CEB607D0071F509 /* Assets.xcassets */ = {isa = PBXFileReference; lastKnownFileType = folder.assetcatalog; path = Assets.xcassets; sourceTree = "<group>"; };
		754580FF1CEB607D0071F509 /* Base */ = {isa = PBXFileReference; lastKnownFileType = file.storyboard; name = Base; path = Base.lproj/LaunchScreen.storyboard; sourceTree = "<group>"; };
		754581011CEB607D0071F509 /* Info.plist */ = {isa = PBXFileReference; lastKnownFileType = text.plist.xml; path = Info.plist; sourceTree = "<group>"; };
/* End PBXFileReference section */

/* Begin PBXFrameworksBuildPhase section */
		754580EF1CEB607D0071F509 /* Frameworks */ = {
			isa = PBXFrameworksBuildPhase;
			buildActionMask = 2147483647;
			files = (
			);
			runOnlyForDeploymentPostprocessing = 0;
		};
/* End PBXFrameworksBuildPhase section */

/* Begin PBXGroup section */
		754580E91CEB607D0071F509 = {
			isa = PBXGroup;
			children = (
				754580F41CEB607D0071F509 /* Local Notif */,
				754580F31CEB607D0071F509 /* Products */,
			);
			sourceTree = "<group>";
		};
		754580F31CEB607D0071F509 /* Products */ = {
			isa = PBXGroup;
			children = (
				754580F21CEB607D0071F509 /* Local Notif.app */,
			);
			name = Products;
			sourceTree = "<group>";
		};
		754580F41CEB607D0071F509 /* Local Notif */ = {
			isa = PBXGroup;
			children = (
				754580F51CEB607D0071F509 /* AppDelegate.swift */,
				754580F71CEB607D0071F509 /* ViewController.swift */,
				754580F91CEB607D0071F509 /* Main.storyboard */,
				754580FC1CEB607D0071F509 /* Assets.xcassets */,
				754580FE1CEB607D0071F509 /* LaunchScreen.storyboard */,
				754581011CEB607D0071F509 /* Info.plist */,
			);
			path = "Local Notif";
			sourceTree = "<group>";
		};
/* End PBXGroup section */

/* Begin PBXNativeTarget section */
		754580F11CEB607D0071F509 /* Local Notif */ = {
			isa = PBXNativeTarget;
			buildConfigurationList = 754581041CEB607D0071F509 /* Build configuration list for PBXNativeTarget "Local Notif" */;
			buildPhases = (
				754580EE1CEB607D0071F509 /* Sources */,
				754580EF1CEB607D0071F509 /* Frameworks */,
				754580F01CEB607D0071F509 /* Resources */,
			);
			buildRules = (
			);
			dependencies = (
			);
			name = "Local Notif";
			productName = "Local Notif";
			productReference = 754580F21CEB607D0071F509 /* Local Notif.app */;
			productType = "com.apple.product-type.application";
		};
/* End PBXNativeTarget section */

/* Begin PBXProject section */
		754580EA1CEB607D0071F509 /* Project object */ = {
			isa = PBXProject;
			attributes = {
				LastSwiftUpdateCheck = 0730;
				LastUpgradeCheck = 0730;
				ORGANIZATIONNAME = "Karl Pfister";
				TargetAttributes = {
					754580F11CEB607D0071F509 = {
						CreatedOnToolsVersion = 7.3.1;
					};
				};
			};
			buildConfigurationList = 754580ED1CEB607D0071F509 /* Build configuration list for PBXProject "Local Notif" */;
			compatibilityVersion = "Xcode 3.2";
			developmentRegion = English;
			hasScannedForEncodings = 0;
			knownRegions = (
				en,
				Base,
			);
			mainGroup = 754580E91CEB607D0071F509;
			productRefGroup = 754580F31CEB607D0071F509 /* Products */;
			projectDirPath = "";
			projectRoot = "";
			targets = (
				754580F11CEB607D0071F509 /* Local Notif */,
			);
		};
/* End PBXProject section */

/* Begin PBXResourcesBuildPhase section */
		754580F01CEB607D0071F509 /* Resources */ = {
			isa = PBXResourcesBuildPhase;
			buildActionMask = 2147483647;
			files = (
				754581001CEB607D0071F509 /* LaunchScreen.storyboard in Resources */,
				754580FD1CEB607D0071F509 /* Assets.xcassets in Resources */,
				754580FB1CEB607D0071F509 /* Main.storyboard in Resources */,
			);
			runOnlyForDeploymentPostprocessing = 0;
		};
/* End PBXResourcesBuildPhase section */

/* Begin PBXSourcesBuildPhase section */
		754580EE1CEB607D0071F509 /* Sources */ = {
			isa = PBXSourcesBuildPhase;
			buildActionMask = 2147483647;
			files = (
				754580F81CEB607D0071F509 /* ViewController.swift in Sources */,
				754580F61CEB607D0071F509 /* AppDelegate.swift in Sources */,
			);
			runOnlyForDeploymentPostprocessing = 0;
		};
/* End PBXSourcesBuildPhase section */

/* Begin PBXVariantGroup section */
		754580F91CEB607D0071F509 /* Main.storyboard */ = {
			isa = PBXVariantGroup;
			children = (
				754580FA1CEB607D0071F509 /* Base */,
			);
			name = Main.storyboard;
			sourceTree = "<group>";
		};
		754580FE1CEB607D0071F509 /* LaunchScreen.storyboard */ = {
			isa = PBXVariantGroup;
			children = (
				754580FF1CEB607D0071F509 /* Base */,
			);
			name = LaunchScreen.storyboard;
			sourceTree = "<group>";
		};
/* End PBXVariantGroup section */

/* Begin XCBuildConfiguration section */
		754581021CEB607D0071F509 /* Debug */ = {
			isa = XCBuildConfiguration;
			buildSettings = {
				ALWAYS_SEARCH_USER_PATHS = NO;
				CLANG_ANALYZER_NONNULL = YES;
				CLANG_CXX_LANGUAGE_STANDARD = "gnu++0x";
				CLANG_CXX_LIBRARY = "libc++";
				CLANG_ENABLE_MODULES = YES;
				CLANG_ENABLE_OBJC_ARC = YES;
				CLANG_WARN_BOOL_CONVERSION = YES;
				CLANG_WARN_CONSTANT_CONVERSION = YES;
				CLANG_WARN_DIRECT_OBJC_ISA_USAGE = YES_ERROR;
				CLANG_WARN_EMPTY_BODY = YES;
				CLANG_WARN_ENUM_CONVERSION = YES;
				CLANG_WARN_INT_CONVERSION = YES;
				CLANG_WARN_OBJC_ROOT_CLASS = YES_ERROR;
				CLANG_WARN_UNREACHABLE_CODE = YES;
				CLANG_WARN__DUPLICATE_METHOD_MATCH = YES;
				"CODE_SIGN_IDENTITY[sdk=iphoneos*]" = "iPhone Developer";
				COPY_PHASE_STRIP = NO;
				DEBUG_INFORMATION_FORMAT = dwarf;
				ENABLE_STRICT_OBJC_MSGSEND = YES;
				ENABLE_TESTABILITY = YES;
				GCC_C_LANGUAGE_STANDARD = gnu99;
				GCC_DYNAMIC_NO_PIC = NO;
				GCC_NO_COMMON_BLOCKS = YES;
				GCC_OPTIMIZATION_LEVEL = 0;
				GCC_PREPROCESSOR_DEFINITIONS = (
					"DEBUG=1",
					"$(inherited)",
				);
				GCC_WARN_64_TO_32_BIT_CONVERSION = YES;
				GCC_WARN_ABOUT_RETURN_TYPE = YES_ERROR;
				GCC_WARN_UNDECLARED_SELECTOR = YES;
				GCC_WARN_UNINITIALIZED_AUTOS = YES_AGGRESSIVE;
				GCC_WARN_UNUSED_FUNCTION = YES;
				GCC_WARN_UNUSED_VARIABLE = YES;
				IPHONEOS_DEPLOYMENT_TARGET = 9.3;
				MTL_ENABLE_DEBUG_INFO = YES;
				ONLY_ACTIVE_ARCH = YES;
				SDKROOT = iphoneos;
				SWIFT_OPTIMIZATION_LEVEL = "-Onone";
				TARGETED_DEVICE_FAMILY = "1,2";
			};
			name = Debug;
		};
		754581031CEB607D0071F509 /* Release */ = {
			isa = XCBuildConfiguration;
			buildSettings = {
				ALWAYS_SEARCH_USER_PATHS = NO;
				CLANG_ANALYZER_NONNULL = YES;
				CLANG_CXX_LANGUAGE_STANDARD = "gnu++0x";
				CLANG_CXX_LIBRARY = "libc++";
				CLANG_ENABLE_MODULES = YES;
				CLANG_ENABLE_OBJC_ARC = YES;
				CLANG_WARN_BOOL_CONVERSION = YES;
				CLANG_WARN_CONSTANT_CONVERSION = YES;
				CLANG_WARN_DIRECT_OBJC_ISA_USAGE = YES_ERROR;
				CLANG_WARN_EMPTY_BODY = YES;
				CLANG_WARN_ENUM_CONVERSION = YES;
				CLANG_WARN_INT_CONVERSION = YES;
				CLANG_WARN_OBJC_ROOT_CLASS = YES_ERROR;
				CLANG_WARN_UNREACHABLE_CODE = YES;
				CLANG_WARN__DUPLICATE_METHOD_MATCH = YES;
				"CODE_SIGN_IDENTITY[sdk=iphoneos*]" = "iPhone Developer";
				COPY_PHASE_STRIP = NO;
				DEBUG_INFORMATION_FORMAT = "dwarf-with-dsym";
				ENABLE_NS_ASSERTIONS = NO;
				ENABLE_STRICT_OBJC_MSGSEND = YES;
				GCC_C_LANGUAGE_STANDARD = gnu99;
				GCC_NO_COMMON_BLOCKS = YES;
				GCC_WARN_64_TO_32_BIT_CONVERSION = YES;
				GCC_WARN_ABOUT_RETURN_TYPE = YES_ERROR;
				GCC_WARN_UNDECLARED_SELECTOR = YES;
				GCC_WARN_UNINITIALIZED_AUTOS = YES_AGGRESSIVE;
				GCC_WARN_UNUSED_FUNCTION = YES;
				GCC_WARN_UNUSED_VARIABLE = YES;
				IPHONEOS_DEPLOYMENT_TARGET = 9.3;
				MTL_ENABLE_DEBUG_INFO = NO;
				SDKROOT = iphoneos;
				TARGETED_DEVICE_FAMILY = "1,2";
				VALIDATE_PRODUCT = YES;
			};
			name = Release;
		};
		754581051CEB607D0071F509 /* Debug */ = {
			isa = XCBuildConfiguration;
			buildSettings = {
				ASSETCATALOG_COMPILER_APPICON_NAME = AppIcon;
				INFOPLIST_FILE = "Local Notif/Info.plist";
				LD_RUNPATH_SEARCH_PATHS = "$(inherited) @executable_path/Frameworks";
				PRODUCT_BUNDLE_IDENTIFIER = "Wolf-s-Head-Labs.Local-Notif";
				PRODUCT_NAME = "$(TARGET_NAME)";
			};
			name = Debug;
		};
		754581061CEB607D0071F509 /* Release */ = {
			isa = XCBuildConfiguration;
			buildSettings = {
				ASSETCATALOG_COMPILER_APPICON_NAME = AppIcon;
				INFOPLIST_FILE = "Local Notif/Info.plist";
				LD_RUNPATH_SEARCH_PATHS = "$(inherited) @executable_path/Frameworks";
				PRODUCT_BUNDLE_IDENTIFIER = "Wolf-s-Head-Labs.Local-Notif";
				PRODUCT_NAME = "$(TARGET_NAME)";
			};
			name = Release;
		};
/* End XCBuildConfiguration section */

/* Begin XCConfigurationList section */
		754580ED1CEB607D0071F509 /* Build configuration list for PBXProject "Local Notif" */ = {
			isa = XCConfigurationList;
			buildConfigurations = (
				754581021CEB607D0071F509 /* Debug */,
				754581031CEB607D0071F509 /* Release */,
			);
			defaultConfigurationIsVisible = 0;
			defaultConfigurationName = Release;
		};
		754581041CEB607D0071F509 /* Build configuration list for PBXNativeTarget "Local Notif" */ = {
			isa = XCConfigurationList;
			buildConfigurations = (
				754581051CEB607D0071F509 /* Debug */,
				754581061CEB607D0071F509 /* Release */,
			);
			defaultConfigurationIsVisible = 0;
		};
/* End XCConfigurationList section */
	};
	rootObject = 754580EA1CEB607D0071F509 /* Project object */;
}
